
Microsoft Visual Studio Solution File, Format Version 12.00
# Visual Studio Version 17
VisualStudioVersion = 17.4.33213.308
MinimumVisualStudioVersion = 10.0.40219.1
Project("{FAE04EC0-301F-11D3-BF4B-00C04F79EFBC}") = "EjemploAplicacionVentana", "EjemploAplicacionVentana\EjemploAplicacionVentana.csproj", "{600E90A3-639F-4001-A606-5F4DAA1D6AB7}"
EndProject
Global
	GlobalSection(SolutionConfigurationPlatforms) = preSolution
		Debug|Any CPU = Debug|Any CPU
		Release|Any CPU = Release|Any CPU
	EndGlobalSection
	GlobalSection(ProjectConfigurationPlatforms) = postSolution
		{600E90A3-639F-4001-A606-5F4DAA1D6AB7}.Debug|Any CPU.ActiveCfg = Debug|Any CPU
		{600E90A3-639F-4001-A606-5F4DAA1D6AB7}.Debug|Any CPU.Build.0 = Debug|Any CPU
		{600E90A3-639F-4001-A606-5F4DAA1D6AB7}.Release|Any CPU.ActiveCfg = Release|Any CPU
		{600E90A3-639F-4001-A606-5F4DAA1D6AB7}.Release|Any CPU.Build.0 = Release|Any CPU
	EndGlobalSection
	GlobalSection(SolutionProperties) = preSolution
		HideSolutionNode = FALSE
	EndGlobalSection
	GlobalSection(ExtensibilityGlobals) = postSolution
		SolutionGuid = {B5EDC1C2-8754-430B-BAFA-4EF015573564}
	EndGlobalSection
EndGlobal
